
Microsoft Visual Studio Solution File, Format Version 12.00
Project("{FAE04EC0-301F-11D3-BF4B-00C04F79EFBC}") = "iPhotos.Core", "iPhotos.Core\iPhotos.Core.csproj", "{608BB84E-CC2E-479D-81B2-3327C8E1EED4}"
EndProject
Project("{2150E333-8FDC-42A3-9474-1A3956D46DE8}") = "Solution Items", "Solution Items", "{F8D2B6DF-4D6D-4E5A-A6D1-889D8B494486}"
	ProjectSection(SolutionItems) = preProject
		compose.yaml = compose.yaml
		.gitignore = .gitignore
	EndProjectSection
EndProject
Project("{FAE04EC0-301F-11D3-BF4B-00C04F79EFBC}") = "iPhotos.Domain", "iPhotos.Domain\iPhotos.Domain.csproj", "{8AA991D0-1D32-4DF1-BBAB-2DB2486EDA09}"
EndProject
Project("{FAE04EC0-301F-11D3-BF4B-00C04F79EFBC}") = "iPhotos.Application", "iPhotos.Application\iPhotos.Application.csproj", "{4FC43FE2-B293-4059-8DCE-1F05439BEAF1}"
EndProject
Project("{FAE04EC0-301F-11D3-BF4B-00C04F79EFBC}") = "iPhotos.Infrastructure", "iPhotos.Infrastructure\iPhotos.Infrastructure.csproj", "{E80A9FB4-C1A0-42B6-A80D-357E8B84CA7F}"
EndProject
Project("{FAE04EC0-301F-11D3-BF4B-00C04F79EFBC}") = "iPhotos.Imaging", "iPhotos.Imaging\iPhotos.Imaging.csproj", "{1DC4EC2D-3FB1-4994-ACC5-ED7D8B1CE30A}"
EndProject
Project("{FAE04EC0-301F-11D3-BF4B-00C04F79EFBC}") = "iPhotos.Auth", "iPhotos.Auth\iPhotos.Auth.csproj", "{57802B74-A7DA-4419-84C6-F751E5AF19F6}"
EndProject
Project("{FAE04EC0-301F-11D3-BF4B-00C04F79EFBC}") = "iPhotos.Worker", "iPhotos.Worker\iPhotos.Worker.csproj", "{1B9F1DFF-E03E-4CE5-9B18-46FD56797AF7}"
EndProject
Project("{2150E333-8FDC-42A3-9474-1A3956D46DE8}") = "tests", "tests", "{0AB3BF05-4346-4AA6-1389-037BE0695223}"
EndProject
Project("{FAE04EC0-301F-11D3-BF4B-00C04F79EFBC}") = "iPhotos.Domain.UnitTests", "tests\iPhotos.Domain.UnitTests\iPhotos.Domain.UnitTests.csproj", "{25568536-8CAD-4453-9C9A-F5FB06398FAB}"
EndProject
Project("{FAE04EC0-301F-11D3-BF4B-00C04F79EFBC}") = "iPhotos.Application.UnitTests", "tests\iPhotos.Application.UnitTests\iPhotos.Application.UnitTests.csproj", "{BD883F24-55E2-4EDD-B076-99D11811B0DF}"
EndProject
Project("{FAE04EC0-301F-11D3-BF4B-00C04F79EFBC}") = "iPhotos.Imaging.UnitTests", "tests\iPhotos.Imaging.UnitTests\iPhotos.Imaging.UnitTests.csproj", "{36995408-C9CD-43C3-85CC-64AC7655FD5A}"
EndProject
Project("{FAE04EC0-301F-11D3-BF4B-00C04F79EFBC}") = "iPhotos.Auth.UnitTests", "tests\iPhotos.Auth.UnitTests\iPhotos.Auth.UnitTests.csproj", "{A36981E0-94AA-4514-95EA-1FFE47039A6C}"
EndProject
Project("{FAE04EC0-301F-11D3-BF4B-00C04F79EFBC}") = "iPhotos.Core.IntegrationTests", "tests\iPhotos.Core.IntegrationTests\iPhotos.Core.IntegrationTests.csproj", "{ACEF4307-0959-48C9-977F-8D4921C6F418}"
EndProject
Project("{FAE04EC0-301F-11D3-BF4B-00C04F79EFBC}") = "iPhotos.Storage", "iPhotos.Storage\iPhotos.Storage.csproj", "{1BABED38-4B04-4549-91A0-0665ED8E4227}"
EndProject
Project("{FAE04EC0-301F-11D3-BF4B-00C04F79EFBC}") = "iPhotos.Storage.Host", "iPhotos.Storage.Host\iPhotos.Storage.Host.csproj", "{C157B769-60F8-435A-A90F-8DC0DA19E207}"
EndProject
Project("{FAE04EC0-301F-11D3-BF4B-00C04F79EFBC}") = "iPhotos.Storage.UnitTests", "tests\iPhotos.Storage.UnitTests\iPhotos.Storage.UnitTests.csproj", "{B798999F-5D46-46B9-8C4A-81C4EBCFE488}"
EndProject
Project("{FAE04EC0-301F-11D3-BF4B-00C04F79EFBC}") = "iPhotos.Storage.Host.IntegrationTests", "tests\iPhotos.Storage.Host.IntegrationTests\iPhotos.Storage.Host.IntegrationTests.csproj", "{D5E7208B-912E-4664-AA62-4E4CBF966137}"
EndProject
Project("{FAE04EC0-301F-11D3-BF4B-00C04F79EFBC}") = "iPhotos.Infrastructure.UnitTests", "tests\iPhotos.Infrastructure.UnitTests\iPhotos.Infrastructure.UnitTests.csproj", "{B872E8EE-1FD6-4E19-B094-90D760C26EF9}"
EndProject
Global
	GlobalSection(SolutionConfigurationPlatforms) = preSolution
		Debug|Any CPU = Debug|Any CPU
		Debug|x64 = Debug|x64
		Debug|x86 = Debug|x86
		Release|Any CPU = Release|Any CPU
		Release|x64 = Release|x64
		Release|x86 = Release|x86
	EndGlobalSection
	GlobalSection(ProjectConfigurationPlatforms) = postSolution
		{608BB84E-CC2E-479D-81B2-3327C8E1EED4}.Debug|Any CPU.ActiveCfg = Debug|Any CPU
		{608BB84E-CC2E-479D-81B2-3327C8E1EED4}.Debug|Any CPU.Build.0 = Debug|Any CPU
		{608BB84E-CC2E-479D-81B2-3327C8E1EED4}.Debug|x64.ActiveCfg = Debug|Any CPU
		{608BB84E-CC2E-479D-81B2-3327C8E1EED4}.Debug|x64.Build.0 = Debug|Any CPU
		{608BB84E-CC2E-479D-81B2-3327C8E1EED4}.Debug|x86.ActiveCfg = Debug|Any CPU
		{608BB84E-CC2E-479D-81B2-3327C8E1EED4}.Debug|x86.Build.0 = Debug|Any CPU
		{608BB84E-CC2E-479D-81B2-3327C8E1EED4}.Release|Any CPU.ActiveCfg = Release|Any CPU
		{608BB84E-CC2E-479D-81B2-3327C8E1EED4}.Release|Any CPU.Build.0 = Release|Any CPU
		{608BB84E-CC2E-479D-81B2-3327C8E1EED4}.Release|x64.ActiveCfg = Release|Any CPU
		{608BB84E-CC2E-479D-81B2-3327C8E1EED4}.Release|x64.Build.0 = Release|Any CPU
		{608BB84E-CC2E-479D-81B2-3327C8E1EED4}.Release|x86.ActiveCfg = Release|Any CPU
		{608BB84E-CC2E-479D-81B2-3327C8E1EED4}.Release|x86.Build.0 = Release|Any CPU
		{8AA991D0-1D32-4DF1-BBAB-2DB2486EDA09}.Debug|Any CPU.ActiveCfg = Debug|Any CPU
		{8AA991D0-1D32-4DF1-BBAB-2DB2486EDA09}.Debug|Any CPU.Build.0 = Debug|Any CPU
		{8AA991D0-1D32-4DF1-BBAB-2DB2486EDA09}.Debug|x64.ActiveCfg = Debug|Any CPU
		{8AA991D0-1D32-4DF1-BBAB-2DB2486EDA09}.Debug|x64.Build.0 = Debug|Any CPU
		{8AA991D0-1D32-4DF1-BBAB-2DB2486EDA09}.Debug|x86.ActiveCfg = Debug|Any CPU
		{8AA991D0-1D32-4DF1-BBAB-2DB2486EDA09}.Debug|x86.Build.0 = Debug|Any CPU
		{8AA991D0-1D32-4DF1-BBAB-2DB2486EDA09}.Release|Any CPU.ActiveCfg = Release|Any CPU
		{8AA991D0-1D32-4DF1-BBAB-2DB2486EDA09}.Release|Any CPU.Build.0 = Release|Any CPU
		{8AA991D0-1D32-4DF1-BBAB-2DB2486EDA09}.Release|x64.ActiveCfg = Release|Any CPU
		{8AA991D0-1D32-4DF1-BBAB-2DB2486EDA09}.Release|x64.Build.0 = Release|Any CPU
		{8AA991D0-1D32-4DF1-BBAB-2DB2486EDA09}.Release|x86.ActiveCfg = Release|Any CPU
		{8AA991D0-1D32-4DF1-BBAB-2DB2486EDA09}.Release|x86.Build.0 = Release|Any CPU
		{4FC43FE2-B293-4059-8DCE-1F05439BEAF1}.Debug|Any CPU.ActiveCfg = Debug|Any CPU
		{4FC43FE2-B293-4059-8DCE-1F05439BEAF1}.Debug|Any CPU.Build.0 = Debug|Any CPU
		{4FC43FE2-B293-4059-8DCE-1F05439BEAF1}.Debug|x64.ActiveCfg = Debug|Any CPU
		{4FC43FE2-B293-4059-8DCE-1F05439BEAF1}.Debug|x64.Build.0 = Debug|Any CPU
		{4FC43FE2-B293-4059-8DCE-1F05439BEAF1}.Debug|x86.ActiveCfg = Debug|Any CPU
		{4FC43FE2-B293-4059-8DCE-1F05439BEAF1}.Debug|x86.Build.0 = Debug|Any CPU
		{4FC43FE2-B293-4059-8DCE-1F05439BEAF1}.Release|Any CPU.ActiveCfg = Release|Any CPU
		{4FC43FE2-B293-4059-8DCE-1F05439BEAF1}.Release|Any CPU.Build.0 = Release|Any CPU
		{4FC43FE2-B293-4059-8DCE-1F05439BEAF1}.Release|x64.ActiveCfg = Release|Any CPU
		{4FC43FE2-B293-4059-8DCE-1F05439BEAF1}.Release|x64.Build.0 = Release|Any CPU
		{4FC43FE2-B293-4059-8DCE-1F05439BEAF1}.Release|x86.ActiveCfg = Release|Any CPU
		{4FC43FE2-B293-4059-8DCE-1F05439BEAF1}.Release|x86.Build.0 = Release|Any CPU
		{E80A9FB4-C1A0-42B6-A80D-357E8B84CA7F}.Debug|Any CPU.ActiveCfg = Debug|Any CPU
		{E80A9FB4-C1A0-42B6-A80D-357E8B84CA7F}.Debug|Any CPU.Build.0 = Debug|Any CPU
		{E80A9FB4-C1A0-42B6-A80D-357E8B84CA7F}.Debug|x64.ActiveCfg = Debug|Any CPU
		{E80A9FB4-C1A0-42B6-A80D-357E8B84CA7F}.Debug|x64.Build.0 = Debug|Any CPU
		{E80A9FB4-C1A0-42B6-A80D-357E8B84CA7F}.Debug|x86.ActiveCfg = Debug|Any CPU
		{E80A9FB4-C1A0-42B6-A80D-357E8B84CA7F}.Debug|x86.Build.0 = Debug|Any CPU
		{E80A9FB4-C1A0-42B6-A80D-357E8B84CA7F}.Release|Any CPU.ActiveCfg = Release|Any CPU
		{E80A9FB4-C1A0-42B6-A80D-357E8B84CA7F}.Release|Any CPU.Build.0 = Release|Any CPU
		{E80A9FB4-C1A0-42B6-A80D-357E8B84CA7F}.Release|x64.ActiveCfg = Release|Any CPU
		{E80A9FB4-C1A0-42B6-A80D-357E8B84CA7F}.Release|x64.Build.0 = Release|Any CPU
		{E80A9FB4-C1A0-42B6-A80D-357E8B84CA7F}.Release|x86.ActiveCfg = Release|Any CPU
		{E80A9FB4-C1A0-42B6-A80D-357E8B84CA7F}.Release|x86.Build.0 = Release|Any CPU
		{1DC4EC2D-3FB1-4994-ACC5-ED7D8B1CE30A}.Debug|Any CPU.ActiveCfg = Debug|Any CPU
		{1DC4EC2D-3FB1-4994-ACC5-ED7D8B1CE30A}.Debug|Any CPU.Build.0 = Debug|Any CPU
		{1DC4EC2D-3FB1-4994-ACC5-ED7D8B1CE30A}.Debug|x64.ActiveCfg = Debug|Any CPU
		{1DC4EC2D-3FB1-4994-ACC5-ED7D8B1CE30A}.Debug|x64.Build.0 = Debug|Any CPU
		{1DC4EC2D-3FB1-4994-ACC5-ED7D8B1CE30A}.Debug|x86.ActiveCfg = Debug|Any CPU
		{1DC4EC2D-3FB1-4994-ACC5-ED7D8B1CE30A}.Debug|x86.Build.0 = Debug|Any CPU
		{1DC4EC2D-3FB1-4994-ACC5-ED7D8B1CE30A}.Release|Any CPU.ActiveCfg = Release|Any CPU
		{1DC4EC2D-3FB1-4994-ACC5-ED7D8B1CE30A}.Release|Any CPU.Build.0 = Release|Any CPU
		{1DC4EC2D-3FB1-4994-ACC5-ED7D8B1CE30A}.Release|x64.ActiveCfg = Release|Any CPU
		{1DC4EC2D-3FB1-4994-ACC5-ED7D8B1CE30A}.Release|x64.Build.0 = Release|Any CPU
		{1DC4EC2D-3FB1-4994-ACC5-ED7D8B1CE30A}.Release|x86.ActiveCfg = Release|Any CPU
		{1DC4EC2D-3FB1-4994-ACC5-ED7D8B1CE30A}.Release|x86.Build.0 = Release|Any CPU
		{57802B74-A7DA-4419-84C6-F751E5AF19F6}.Debug|Any CPU.ActiveCfg = Debug|Any CPU
		{57802B74-A7DA-4419-84C6-F751E5AF19F6}.Debug|Any CPU.Build.0 = Debug|Any CPU
		{57802B74-A7DA-4419-84C6-F751E5AF19F6}.Debug|x64.ActiveCfg = Debug|Any CPU
		{57802B74-A7DA-4419-84C6-F751E5AF19F6}.Debug|x64.Build.0 = Debug|Any CPU
		{57802B74-A7DA-4419-84C6-F751E5AF19F6}.Debug|x86.ActiveCfg = Debug|Any CPU
		{57802B74-A7DA-4419-84C6-F751E5AF19F6}.Debug|x86.Build.0 = Debug|Any CPU
		{57802B74-A7DA-4419-84C6-F751E5AF19F6}.Release|Any CPU.ActiveCfg = Release|Any CPU
		{57802B74-A7DA-4419-84C6-F751E5AF19F6}.Release|Any CPU.Build.0 = Release|Any CPU
		{57802B74-A7DA-4419-84C6-F751E5AF19F6}.Release|x64.ActiveCfg = Release|Any CPU
		{57802B74-A7DA-4419-84C6-F751E5AF19F6}.Release|x64.Build.0 = Release|Any CPU
		{57802B74-A7DA-4419-84C6-F751E5AF19F6}.Release|x86.ActiveCfg = Release|Any CPU
		{57802B74-A7DA-4419-84C6-F751E5AF19F6}.Release|x86.Build.0 = Release|Any CPU
		{1B9F1DFF-E03E-4CE5-9B18-46FD56797AF7}.Debug|Any CPU.ActiveCfg = Debug|Any CPU
		{1B9F1DFF-E03E-4CE5-9B18-46FD56797AF7}.Debug|Any CPU.Build.0 = Debug|Any CPU
		{1B9F1DFF-E03E-4CE5-9B18-46FD56797AF7}.Debug|x64.ActiveCfg = Debug|Any CPU
		{1B9F1DFF-E03E-4CE5-9B18-46FD56797AF7}.Debug|x64.Build.0 = Debug|Any CPU
		{1B9F1DFF-E03E-4CE5-9B18-46FD56797AF7}.Debug|x86.ActiveCfg = Debug|Any CPU
		{1B9F1DFF-E03E-4CE5-9B18-46FD56797AF7}.Debug|x86.Build.0 = Debug|Any CPU
		{1B9F1DFF-E03E-4CE5-9B18-46FD56797AF7}.Release|Any CPU.ActiveCfg = Release|Any CPU
		{1B9F1DFF-E03E-4CE5-9B18-46FD56797AF7}.Release|Any CPU.Build.0 = Release|Any CPU
		{1B9F1DFF-E03E-4CE5-9B18-46FD56797AF7}.Release|x64.ActiveCfg = Release|Any CPU
		{1B9F1DFF-E03E-4CE5-9B18-46FD56797AF7}.Release|x64.Build.0 = Release|Any CPU
		{1B9F1DFF-E03E-4CE5-9B18-46FD56797AF7}.Release|x86.ActiveCfg = Release|Any CPU
		{1B9F1DFF-E03E-4CE5-9B18-46FD56797AF7}.Release|x86.Build.0 = Release|Any CPU
		{25568536-8CAD-4453-9C9A-F5FB06398FAB}.Debug|Any CPU.ActiveCfg = Debug|Any CPU
		{25568536-8CAD-4453-9C9A-F5FB06398FAB}.Debug|Any CPU.Build.0 = Debug|Any CPU
		{25568536-8CAD-4453-9C9A-F5FB06398FAB}.Debug|x64.ActiveCfg = Debug|Any CPU
		{25568536-8CAD-4453-9C9A-F5FB06398FAB}.Debug|x64.Build.0 = Debug|Any CPU
		{25568536-8CAD-4453-9C9A-F5FB06398FAB}.Debug|x86.ActiveCfg = Debug|Any CPU
		{25568536-8CAD-4453-9C9A-F5FB06398FAB}.Debug|x86.Build.0 = Debug|Any CPU
		{25568536-8CAD-4453-9C9A-F5FB06398FAB}.Release|Any CPU.ActiveCfg = Release|Any CPU
		{25568536-8CAD-4453-9C9A-F5FB06398FAB}.Release|Any CPU.Build.0 = Release|Any CPU
		{25568536-8CAD-4453-9C9A-F5FB06398FAB}.Release|x64.ActiveCfg = Release|Any CPU
		{25568536-8CAD-4453-9C9A-F5FB06398FAB}.Release|x64.Build.0 = Release|Any CPU
		{25568536-8CAD-4453-9C9A-F5FB06398FAB}.Release|x86.ActiveCfg = Release|Any CPU
		{25568536-8CAD-4453-9C9A-F5FB06398FAB}.Release|x86.Build.0 = Release|Any CPU
		{BD883F24-55E2-4EDD-B076-99D11811B0DF}.Debug|Any CPU.ActiveCfg = Debug|Any CPU
		{BD883F24-55E2-4EDD-B076-99D11811B0DF}.Debug|Any CPU.Build.0 = Debug|Any CPU
		{BD883F24-55E2-4EDD-B076-99D11811B0DF}.Debug|x64.ActiveCfg = Debug|Any CPU
		{BD883F24-55E2-4EDD-B076-99D11811B0DF}.Debug|x64.Build.0 = Debug|Any CPU
		{BD883F24-55E2-4EDD-B076-99D11811B0DF}.Debug|x86.ActiveCfg = Debug|Any CPU
		{BD883F24-55E2-4EDD-B076-99D11811B0DF}.Debug|x86.Build.0 = Debug|Any CPU
		{BD883F24-55E2-4EDD-B076-99D11811B0DF}.Release|Any CPU.ActiveCfg = Release|Any CPU
		{BD883F24-55E2-4EDD-B076-99D11811B0DF}.Release|Any CPU.Build.0 = Release|Any CPU
		{BD883F24-55E2-4EDD-B076-99D11811B0DF}.Release|x64.ActiveCfg = Release|Any CPU
		{BD883F24-55E2-4EDD-B076-99D11811B0DF}.Release|x64.Build.0 = Release|Any CPU
		{BD883F24-55E2-4EDD-B076-99D11811B0DF}.Release|x86.ActiveCfg = Release|Any CPU
		{BD883F24-55E2-4EDD-B076-99D11811B0DF}.Release|x86.Build.0 = Release|Any CPU
		{36995408-C9CD-43C3-85CC-64AC7655FD5A}.Debug|Any CPU.ActiveCfg = Debug|Any CPU
		{36995408-C9CD-43C3-85CC-64AC7655FD5A}.Debug|Any CPU.Build.0 = Debug|Any CPU
		{36995408-C9CD-43C3-85CC-64AC7655FD5A}.Debug|x64.ActiveCfg = Debug|Any CPU
		{36995408-C9CD-43C3-85CC-64AC7655FD5A}.Debug|x64.Build.0 = Debug|Any CPU
		{36995408-C9CD-43C3-85CC-64AC7655FD5A}.Debug|x86.ActiveCfg = Debug|Any CPU
		{36995408-C9CD-43C3-85CC-64AC7655FD5A}.Debug|x86.Build.0 = Debug|Any CPU
		{36995408-C9CD-43C3-85CC-64AC7655FD5A}.Release|Any CPU.ActiveCfg = Release|Any CPU
		{36995408-C9CD-43C3-85CC-64AC7655FD5A}.Release|Any CPU.Build.0 = Release|Any CPU
		{36995408-C9CD-43C3-85CC-64AC7655FD5A}.Release|x64.ActiveCfg = Release|Any CPU
		{36995408-C9CD-43C3-85CC-64AC7655FD5A}.Release|x64.Build.0 = Release|Any CPU
		{36995408-C9CD-43C3-85CC-64AC7655FD5A}.Release|x86.ActiveCfg = Release|Any CPU
		{36995408-C9CD-43C3-85CC-64AC7655FD5A}.Release|x86.Build.0 = Release|Any CPU
		{A36981E0-94AA-4514-95EA-1FFE47039A6C}.Debug|Any CPU.ActiveCfg = Debug|Any CPU
		{A36981E0-94AA-4514-95EA-1FFE47039A6C}.Debug|Any CPU.Build.0 = Debug|Any CPU
		{A36981E0-94AA-4514-95EA-1FFE47039A6C}.Debug|x64.ActiveCfg = Debug|Any CPU
		{A36981E0-94AA-4514-95EA-1FFE47039A6C}.Debug|x64.Build.0 = Debug|Any CPU
		{A36981E0-94AA-4514-95EA-1FFE47039A6C}.Debug|x86.ActiveCfg = Debug|Any CPU
		{A36981E0-94AA-4514-95EA-1FFE47039A6C}.Debug|x86.Build.0 = Debug|Any CPU
		{A36981E0-94AA-4514-95EA-1FFE47039A6C}.Release|Any CPU.ActiveCfg = Release|Any CPU
		{A36981E0-94AA-4514-95EA-1FFE47039A6C}.Release|Any CPU.Build.0 = Release|Any CPU
		{A36981E0-94AA-4514-95EA-1FFE47039A6C}.Release|x64.ActiveCfg = Release|Any CPU
		{A36981E0-94AA-4514-95EA-1FFE47039A6C}.Release|x64.Build.0 = Release|Any CPU
		{A36981E0-94AA-4514-95EA-1FFE47039A6C}.Release|x86.ActiveCfg = Release|Any CPU
		{A36981E0-94AA-4514-95EA-1FFE47039A6C}.Release|x86.Build.0 = Release|Any CPU
		{ACEF4307-0959-48C9-977F-8D4921C6F418}.Debug|Any CPU.ActiveCfg = Debug|Any CPU
		{ACEF4307-0959-48C9-977F-8D4921C6F418}.Debug|Any CPU.Build.0 = Debug|Any CPU
		{ACEF4307-0959-48C9-977F-8D4921C6F418}.Debug|x64.ActiveCfg = Debug|Any CPU
		{ACEF4307-0959-48C9-977F-8D4921C6F418}.Debug|x64.Build.0 = Debug|Any CPU
		{ACEF4307-0959-48C9-977F-8D4921C6F418}.Debug|x86.ActiveCfg = Debug|Any CPU
		{ACEF4307-0959-48C9-977F-8D4921C6F418}.Debug|x86.Build.0 = Debug|Any CPU
		{ACEF4307-0959-48C9-977F-8D4921C6F418}.Release|Any CPU.ActiveCfg = Release|Any CPU
		{ACEF4307-0959-48C9-977F-8D4921C6F418}.Release|Any CPU.Build.0 = Release|Any CPU
		{ACEF4307-0959-48C9-977F-8D4921C6F418}.Release|x64.ActiveCfg = Release|Any CPU
		{ACEF4307-0959-48C9-977F-8D4921C6F418}.Release|x64.Build.0 = Release|Any CPU
		{ACEF4307-0959-48C9-977F-8D4921C6F418}.Release|x86.ActiveCfg = Release|Any CPU
		{ACEF4307-0959-48C9-977F-8D4921C6F418}.Release|x86.Build.0 = Release|Any CPU
		{1BABED38-4B04-4549-91A0-0665ED8E4227}.Debug|Any CPU.ActiveCfg = Debug|Any CPU
		{1BABED38-4B04-4549-91A0-0665ED8E4227}.Debug|Any CPU.Build.0 = Debug|Any CPU
		{1BABED38-4B04-4549-91A0-0665ED8E4227}.Debug|x64.ActiveCfg = Debug|Any CPU
		{1BABED38-4B04-4549-91A0-0665ED8E4227}.Debug|x64.Build.0 = Debug|Any CPU
		{1BABED38-4B04-4549-91A0-0665ED8E4227}.Debug|x86.ActiveCfg = Debug|Any CPU
		{1BABED38-4B04-4549-91A0-0665ED8E4227}.Debug|x86.Build.0 = Debug|Any CPU
		{1BABED38-4B04-4549-91A0-0665ED8E4227}.Release|Any CPU.ActiveCfg = Release|Any CPU
		{1BABED38-4B04-4549-91A0-0665ED8E4227}.Release|Any CPU.Build.0 = Release|Any CPU
		{1BABED38-4B04-4549-91A0-0665ED8E4227}.Release|x64.ActiveCfg = Release|Any CPU
		{1BABED38-4B04-4549-91A0-0665ED8E4227}.Release|x64.Build.0 = Release|Any CPU
		{1BABED38-4B04-4549-91A0-0665ED8E4227}.Release|x86.ActiveCfg = Release|Any CPU
		{1BABED38-4B04-4549-91A0-0665ED8E4227}.Release|x86.Build.0 = Release|Any CPU
		{C157B769-60F8-435A-A90F-8DC0DA19E207}.Debug|Any CPU.ActiveCfg = Debug|Any CPU
		{C157B769-60F8-435A-A90F-8DC0DA19E207}.Debug|Any CPU.Build.0 = Debug|Any CPU
		{C157B769-60F8-435A-A90F-8DC0DA19E207}.Debug|x64.ActiveCfg = Debug|Any CPU
		{C157B769-60F8-435A-A90F-8DC0DA19E207}.Debug|x64.Build.0 = Debug|Any CPU
		{C157B769-60F8-435A-A90F-8DC0DA19E207}.Debug|x86.ActiveCfg = Debug|Any CPU
		{C157B769-60F8-435A-A90F-8DC0DA19E207}.Debug|x86.Build.0 = Debug|Any CPU
		{C157B769-60F8-435A-A90F-8DC0DA19E207}.Release|Any CPU.ActiveCfg = Release|Any CPU
		{C157B769-60F8-435A-A90F-8DC0DA19E207}.Release|Any CPU.Build.0 = Release|Any CPU
		{C157B769-60F8-435A-A90F-8DC0DA19E207}.Release|x64.ActiveCfg = Release|Any CPU
		{C157B769-60F8-435A-A90F-8DC0DA19E207}.Release|x64.Build.0 = Release|Any CPU
		{C157B769-60F8-435A-A90F-8DC0DA19E207}.Release|x86.ActiveCfg = Release|Any CPU
		{C157B769-60F8-435A-A90F-8DC0DA19E207}.Release|x86.Build.0 = Release|Any CPU
		{B798999F-5D46-46B9-8C4A-81C4EBCFE488}.Debug|Any CPU.ActiveCfg = Debug|Any CPU
		{B798999F-5D46-46B9-8C4A-81C4EBCFE488}.Debug|Any CPU.Build.0 = Debug|Any CPU
		{B798999F-5D46-46B9-8C4A-81C4EBCFE488}.Debug|x64.ActiveCfg = Debug|Any CPU
		{B798999F-5D46-46B9-8C4A-81C4EBCFE488}.Debug|x64.Build.0 = Debug|Any CPU
		{B798999F-5D46-46B9-8C4A-81C4EBCFE488}.Debug|x86.ActiveCfg = Debug|Any CPU
		{B798999F-5D46-46B9-8C4A-81C4EBCFE488}.Debug|x86.Build.0 = Debug|Any CPU
		{B798999F-5D46-46B9-8C4A-81C4EBCFE488}.Release|Any CPU.ActiveCfg = Release|Any CPU
		{B798999F-5D46-46B9-8C4A-81C4EBCFE488}.Release|Any CPU.Build.0 = Release|Any CPU
		{B798999F-5D46-46B9-8C4A-81C4EBCFE488}.Release|x64.ActiveCfg = Release|Any CPU
		{B798999F-5D46-46B9-8C4A-81C4EBCFE488}.Release|x64.Build.0 = Release|Any CPU
		{B798999F-5D46-46B9-8C4A-81C4EBCFE488}.Release|x86.ActiveCfg = Release|Any CPU
		{B798999F-5D46-46B9-8C4A-81C4EBCFE488}.Release|x86.Build.0 = Release|Any CPU
		{D5E7208B-912E-4664-AA62-4E4CBF966137}.Debug|Any CPU.ActiveCfg = Debug|Any CPU
		{D5E7208B-912E-4664-AA62-4E4CBF966137}.Debug|Any CPU.Build.0 = Debug|Any CPU
		{D5E7208B-912E-4664-AA62-4E4CBF966137}.Debug|x64.ActiveCfg = Debug|Any CPU
		{D5E7208B-912E-4664-AA62-4E4CBF966137}.Debug|x64.Build.0 = Debug|Any CPU
		{D5E7208B-912E-4664-AA62-4E4CBF966137}.Debug|x86.ActiveCfg = Debug|Any CPU
		{D5E7208B-912E-4664-AA62-4E4CBF966137}.Debug|x86.Build.0 = Debug|Any CPU
		{D5E7208B-912E-4664-AA62-4E4CBF966137}.Release|Any CPU.ActiveCfg = Release|Any CPU
		{D5E7208B-912E-4664-AA62-4E4CBF966137}.Release|Any CPU.Build.0 = Release|Any CPU
		{D5E7208B-912E-4664-AA62-4E4CBF966137}.Release|x64.ActiveCfg = Release|Any CPU
		{D5E7208B-912E-4664-AA62-4E4CBF966137}.Release|x64.Build.0 = Release|Any CPU
		{D5E7208B-912E-4664-AA62-4E4CBF966137}.Release|x86.ActiveCfg = Release|Any CPU
		{D5E7208B-912E-4664-AA62-4E4CBF966137}.Release|x86.Build.0 = Release|Any CPU
		{B872E8EE-1FD6-4E19-B094-90D760C26EF9}.Debug|Any CPU.ActiveCfg = Debug|Any CPU
		{B872E8EE-1FD6-4E19-B094-90D760C26EF9}.Debug|Any CPU.Build.0 = Debug|Any CPU
		{B872E8EE-1FD6-4E19-B094-90D760C26EF9}.Debug|x64.ActiveCfg = Debug|Any CPU
		{B872E8EE-1FD6-4E19-B094-90D760C26EF9}.Debug|x64.Build.0 = Debug|Any CPU
		{B872E8EE-1FD6-4E19-B094-90D760C26EF9}.Debug|x86.ActiveCfg = Debug|Any CPU
		{B872E8EE-1FD6-4E19-B094-90D760C26EF9}.Debug|x86.Build.0 = Debug|Any CPU
		{B872E8EE-1FD6-4E19-B094-90D760C26EF9}.Release|Any CPU.ActiveCfg = Release|Any CPU
		{B872E8EE-1FD6-4E19-B094-90D760C26EF9}.Release|Any CPU.Build.0 = Release|Any CPU
		{B872E8EE-1FD6-4E19-B094-90D760C26EF9}.Release|x64.ActiveCfg = Release|Any CPU
		{B872E8EE-1FD6-4E19-B094-90D760C26EF9}.Release|x64.Build.0 = Release|Any CPU
		{B872E8EE-1FD6-4E19-B094-90D760C26EF9}.Release|x86.ActiveCfg = Release|Any CPU
		{B872E8EE-1FD6-4E19-B094-90D760C26EF9}.Release|x86.Build.0 = Release|Any CPU
	EndGlobalSection
	GlobalSection(SolutionProperties) = preSolution
		HideSolutionNode = FALSE
	EndGlobalSection
	GlobalSection(NestedProjects) = preSolution
		{25568536-8CAD-4453-9C9A-F5FB06398FAB} = {0AB3BF05-4346-4AA6-1389-037BE0695223}
		{BD883F24-55E2-4EDD-B076-99D11811B0DF} = {0AB3BF05-4346-4AA6-1389-037BE0695223}
		{36995408-C9CD-43C3-85CC-64AC7655FD5A} = {0AB3BF05-4346-4AA6-1389-037BE0695223}
		{A36981E0-94AA-4514-95EA-1FFE47039A6C} = {0AB3BF05-4346-4AA6-1389-037BE0695223}
		{ACEF4307-0959-48C9-977F-8D4921C6F418} = {0AB3BF05-4346-4AA6-1389-037BE0695223}
		{B798999F-5D46-46B9-8C4A-81C4EBCFE488} = {0AB3BF05-4346-4AA6-1389-037BE0695223}
		{D5E7208B-912E-4664-AA62-4E4CBF966137} = {0AB3BF05-4346-4AA6-1389-037BE0695223}
		{B872E8EE-1FD6-4E19-B094-90D760C26EF9} = {0AB3BF05-4346-4AA6-1389-037BE0695223}
	EndGlobalSection
EndGlobal
